
Microsoft Visual Studio Solution File, Format Version 12.00
# Visual Studio 2013
VisualStudioVersion = 12.0.31101.0
MinimumVisualStudioVersion = 10.0.40219.1
Project("{FAE04EC0-301F-11D3-BF4B-00C04F79EFBC}") = "IPToPosition", "IPToPosition\IPToPosition.csproj", "{C542ED98-90BC-4919-8274-33987F5D7ADE}"
EndProject
Project("{FAE04EC0-301F-11D3-BF4B-00C04F79EFBC}") = "Common", "Common\Common.csproj", "{19D39D3E-C5AF-4D55-95F2-E7B0043FF42C}"
EndProject
Global
	GlobalSection(SolutionConfigurationPlatforms) = preSolution
		Debug|Any CPU = Debug|Any CPU
		Release|Any CPU = Release|Any CPU
	EndGlobalSection
	GlobalSection(ProjectConfigurationPlatforms) = postSolution
		{C542ED98-90BC-4919-8274-33987F5D7ADE}.Debug|Any CPU.ActiveCfg = Debug|Any CPU
		{C542ED98-90BC-4919-8274-33987F5D7ADE}.Debug|Any CPU.Build.0 = Debug|Any CPU
		{C542ED98-90BC-4919-8274-33987F5D7ADE}.Release|Any CPU.ActiveCfg = Release|Any CPU
		{C542ED98-90BC-4919-8274-33987F5D7ADE}.Release|Any CPU.Build.0 = Release|Any CPU
		{19D39D3E-C5AF-4D55-95F2-E7B0043FF42C}.Debug|Any CPU.ActiveCfg = Debug|Any CPU
		{19D39D3E-C5AF-4D55-95F2-E7B0043FF42C}.Debug|Any CPU.Build.0 = Debug|Any CPU
		{19D39D3E-C5AF-4D55-95F2-E7B0043FF42C}.Release|Any CPU.ActiveCfg = Release|Any CPU
		{19D39D3E-C5AF-4D55-95F2-E7B0043FF42C}.Release|Any CPU.Build.0 = Release|Any CPU
	EndGlobalSection
	GlobalSection(SolutionProperties) = preSolution
		HideSolutionNode = FALSE
	EndGlobalSection
EndGlobal
